// !$*UTF8*$!
{
	archiveVersion = 1;
	classes = {
	};
	objectVersion = 55;
	objects = {

/* Begin PBXBuildFile section */
		178E61ADEA723B29598BB313 /* Pods_Firebase_Auth_Demo__iOS_.framework in Frameworks */ = {isa = PBXBuildFile; fileRef = 2C9CBDF4005822A013E00C99 /* Pods_Firebase_Auth_Demo__iOS_.framework */; };
		75507E472780F59A00B1EC1F /* LaunchView.swift in Sources */ = {isa = PBXBuildFile; fileRef = 75507E462780F59A00B1EC1F /* LaunchView.swift */; };
		75EFFE64277BE6030059A88B /* Firebase_Auth_DemoApp.swift in Sources */ = {isa = PBXBuildFile; fileRef = 75EFFE54277BE6030059A88B /* Firebase_Auth_DemoApp.swift */; };
		75EFFE65277BE6030059A88B /* Firebase_Auth_DemoApp.swift in Sources */ = {isa = PBXBuildFile; fileRef = 75EFFE54277BE6030059A88B /* Firebase_Auth_DemoApp.swift */; };
		75EFFE66277BE6030059A88B /* ContentView.swift in Sources */ = {isa = PBXBuildFile; fileRef = 75EFFE55277BE6030059A88B /* ContentView.swift */; };
		75EFFE67277BE6030059A88B /* ContentView.swift in Sources */ = {isa = PBXBuildFile; fileRef = 75EFFE55277BE6030059A88B /* ContentView.swift */; };
		75EFFE68277BE6030059A88B /* Assets.xcassets in Resources */ = {isa = PBXBuildFile; fileRef = 75EFFE56277BE6030059A88B /* Assets.xcassets */; };
		75EFFE69277BE6030059A88B /* Assets.xcassets in Resources */ = {isa = PBXBuildFile; fileRef = 75EFFE56277BE6030059A88B /* Assets.xcassets */; };
		75EFFE78277BE7810059A88B /* GoogleService-Info.plist in Resources */ = {isa = PBXBuildFile; fileRef = 75EFFE77277BE7810059A88B /* GoogleService-Info.plist */; };
		75EFFE7D277D119B0059A88B /* LoginForm.swift in Sources */ = {isa = PBXBuildFile; fileRef = 75EFFE7C277D119B0059A88B /* LoginForm.swift */; };
		785FCA17999ED777E90D1126 /* Pods_Firebase_Auth_Demo__macOS_.framework in Frameworks */ = {isa = PBXBuildFile; fileRef = 69621020168FC26EEEDE46EC /* Pods_Firebase_Auth_Demo__macOS_.framework */; };
/* End PBXBuildFile section */

/* Begin PBXFileReference section */
		2C9CBDF4005822A013E00C99 /* Pods_Firebase_Auth_Demo__iOS_.framework */ = {isa = PBXFileReference; explicitFileType = wrapper.framework; includeInIndex = 0; path = Pods_Firebase_Auth_Demo__iOS_.framework; sourceTree = BUILT_PRODUCTS_DIR; };
		30ED48AA13F6029C4D5F9C17 /* Pods-Firebase Auth Demo (iOS).debug.xcconfig */ = {isa = PBXFileReference; includeInIndex = 1; lastKnownFileType = text.xcconfig; name = "Pods-Firebase Auth Demo (iOS).debug.xcconfig"; path = "Target Support Files/Pods-Firebase Auth Demo (iOS)/Pods-Firebase Auth Demo (iOS).debug.xcconfig"; sourceTree = "<group>"; };
		69621020168FC26EEEDE46EC /* Pods_Firebase_Auth_Demo__macOS_.framework */ = {isa = PBXFileReference; explicitFileType = wrapper.framework; includeInIndex = 0; path = Pods_Firebase_Auth_Demo__macOS_.framework; sourceTree = BUILT_PRODUCTS_DIR; };
		75507E462780F59A00B1EC1F /* LaunchView.swift */ = {isa = PBXFileReference; lastKnownFileType = sourcecode.swift; path = LaunchView.swift; sourceTree = "<group>"; };
		75EFFE54277BE6030059A88B /* Firebase_Auth_DemoApp.swift */ = {isa = PBXFileReference; lastKnownFileType = sourcecode.swift; path = Firebase_Auth_DemoApp.swift; sourceTree = "<group>"; };
		75EFFE55277BE6030059A88B /* ContentView.swift */ = {isa = PBXFileReference; lastKnownFileType = sourcecode.swift; path = ContentView.swift; sourceTree = "<group>"; };
		75EFFE56277BE6030059A88B /* Assets.xcassets */ = {isa = PBXFileReference; lastKnownFileType = folder.assetcatalog; path = Assets.xcassets; sourceTree = "<group>"; };
		75EFFE5B277BE6030059A88B /* Firebase Auth Demo.app */ = {isa = PBXFileReference; explicitFileType = wrapper.application; includeInIndex = 0; path = "Firebase Auth Demo.app"; sourceTree = BUILT_PRODUCTS_DIR; };
		75EFFE61277BE6030059A88B /* Firebase Auth Demo.app */ = {isa = PBXFileReference; explicitFileType = wrapper.application; includeInIndex = 0; path = "Firebase Auth Demo.app"; sourceTree = BUILT_PRODUCTS_DIR; };
		75EFFE63277BE6030059A88B /* macOS.entitlements */ = {isa = PBXFileReference; lastKnownFileType = text.plist.entitlements; path = macOS.entitlements; sourceTree = "<group>"; };
		75EFFE77277BE7810059A88B /* GoogleService-Info.plist */ = {isa = PBXFileReference; fileEncoding = 4; lastKnownFileType = text.plist.xml; path = "GoogleService-Info.plist"; sourceTree = "<group>"; };
		75EFFE79277BE8970059A88B /* README.md */ = {isa = PBXFileReference; lastKnownFileType = net.daringfireball.markdown; path = README.md; sourceTree = "<group>"; };
		75EFFE7B277BE95A0059A88B /* auth_providers.png */ = {isa = PBXFileReference; lastKnownFileType = image.png; path = auth_providers.png; sourceTree = "<group>"; };
		75EFFE7C277D119B0059A88B /* LoginForm.swift */ = {isa = PBXFileReference; lastKnownFileType = sourcecode.swift; path = LoginForm.swift; sourceTree = "<group>"; };
		9C760940E2718F5F795E46B5 /* Pods-Firebase Auth Demo (iOS).release.xcconfig */ = {isa = PBXFileReference; includeInIndex = 1; lastKnownFileType = text.xcconfig; name = "Pods-Firebase Auth Demo (iOS).release.xcconfig"; path = "Target Support Files/Pods-Firebase Auth Demo (iOS)/Pods-Firebase Auth Demo (iOS).release.xcconfig"; sourceTree = "<group>"; };
		D85F32F1765D273B67C65CD2 /* Pods-Firebase Auth Demo (macOS).release.xcconfig */ = {isa = PBXFileReference; includeInIndex = 1; lastKnownFileType = text.xcconfig; name = "Pods-Firebase Auth Demo (macOS).release.xcconfig"; path = "Target Support Files/Pods-Firebase Auth Demo (macOS)/Pods-Firebase Auth Demo (macOS).release.xcconfig"; sourceTree = "<group>"; };
		F93223EA3DE5E3C957EE00F9 /* Pods-Firebase Auth Demo (macOS).debug.xcconfig */ = {isa = PBXFileReference; includeInIndex = 1; lastKnownFileType = text.xcconfig; name = "Pods-Firebase Auth Demo (macOS).debug.xcconfig"; path = "Target Support Files/Pods-Firebase Auth Demo (macOS)/Pods-Firebase Auth Demo (macOS).debug.xcconfig"; sourceTree = "<group>"; };
/* End PBXFileReference section */

/* Begin PBXFrameworksBuildPhase section */
		75EFFE58277BE6030059A88B /* Frameworks */ = {
			isa = PBXFrameworksBuildPhase;
			buildActionMask = 2147483647;
			files = (
				178E61ADEA723B29598BB313 /* Pods_Firebase_Auth_Demo__iOS_.framework in Frameworks */,
			);
			runOnlyForDeploymentPostprocessing = 0;
		};
		75EFFE5E277BE6030059A88B /* Frameworks */ = {
			isa = PBXFrameworksBuildPhase;
			buildActionMask = 2147483647;
			files = (
				785FCA17999ED777E90D1126 /* Pods_Firebase_Auth_Demo__macOS_.framework in Frameworks */,
			);
			runOnlyForDeploymentPostprocessing = 0;
		};
/* End PBXFrameworksBuildPhase section */

/* Begin PBXGroup section */
		1A2F90A17D1EDCC8B570C193 /* Pods */ = {
			isa = PBXGroup;
			children = (
				30ED48AA13F6029C4D5F9C17 /* Pods-Firebase Auth Demo (iOS).debug.xcconfig */,
				9C760940E2718F5F795E46B5 /* Pods-Firebase Auth Demo (iOS).release.xcconfig */,
				F93223EA3DE5E3C957EE00F9 /* Pods-Firebase Auth Demo (macOS).debug.xcconfig */,
				D85F32F1765D273B67C65CD2 /* Pods-Firebase Auth Demo (macOS).release.xcconfig */,
			);
			path = Pods;
			sourceTree = "<group>";
		};
		75EFFE4E277BE6030059A88B = {
			isa = PBXGroup;
			children = (
				75EFFE79277BE8970059A88B /* README.md */,
				75EFFE7A277BE90F0059A88B /* img */,
				75EFFE53277BE6030059A88B /* Shared */,
				75EFFE77277BE7810059A88B /* GoogleService-Info.plist */,
				75EFFE62277BE6030059A88B /* macOS */,
				75EFFE5C277BE6030059A88B /* Products */,
				1A2F90A17D1EDCC8B570C193 /* Pods */,
				A1E0BF80AA6238E5C79D27F4 /* Frameworks */,
			);
			sourceTree = "<group>";
		};
		75EFFE53277BE6030059A88B /* Shared */ = {
			isa = PBXGroup;
			children = (
				75EFFE54277BE6030059A88B /* Firebase_Auth_DemoApp.swift */,
				75507E462780F59A00B1EC1F /* LaunchView.swift */,
				75EFFE55277BE6030059A88B /* ContentView.swift */,
				75EFFE7C277D119B0059A88B /* LoginForm.swift */,
				75EFFE56277BE6030059A88B /* Assets.xcassets */,
			);
			path = Shared;
			sourceTree = "<group>";
		};
		75EFFE5C277BE6030059A88B /* Products */ = {
			isa = PBXGroup;
			children = (
				75EFFE5B277BE6030059A88B /* Firebase Auth Demo.app */,
				75EFFE61277BE6030059A88B /* Firebase Auth Demo.app */,
			);
			name = Products;
			sourceTree = "<group>";
		};
		75EFFE62277BE6030059A88B /* macOS */ = {
			isa = PBXGroup;
			children = (
				75EFFE63277BE6030059A88B /* macOS.entitlements */,
			);
			path = macOS;
			sourceTree = "<group>";
		};
		75EFFE7A277BE90F0059A88B /* img */ = {
			isa = PBXGroup;
			children = (
				75EFFE7B277BE95A0059A88B /* auth_providers.png */,
			);
			path = img;
			sourceTree = "<group>";
		};
		A1E0BF80AA6238E5C79D27F4 /* Frameworks */ = {
			isa = PBXGroup;
			children = (
				2C9CBDF4005822A013E00C99 /* Pods_Firebase_Auth_Demo__iOS_.framework */,
				69621020168FC26EEEDE46EC /* Pods_Firebase_Auth_Demo__macOS_.framework */,
			);
			name = Frameworks;
			sourceTree = "<group>";
		};
/* End PBXGroup section */

/* Begin PBXNativeTarget section */
		75EFFE5A277BE6030059A88B /* Firebase Auth Demo (iOS) */ = {
			isa = PBXNativeTarget;
			buildConfigurationList = 75EFFE6C277BE6030059A88B /* Build configuration list for PBXNativeTarget "Firebase Auth Demo (iOS)" */;
			buildPhases = (
				D1726E1A8B7AC7F1B9B8B07D /* [CP] Check Pods Manifest.lock */,
				75EFFE57277BE6030059A88B /* Sources */,
				75EFFE58277BE6030059A88B /* Frameworks */,
				75EFFE59277BE6030059A88B /* Resources */,
				B7BA8316FB8BF70B80312E28 /* [CP] Embed Pods Frameworks */,
			);
			buildRules = (
			);
			dependencies = (
			);
			name = "Firebase Auth Demo (iOS)";
			productName = "Firebase Auth Demo (iOS)";
			productReference = 75EFFE5B277BE6030059A88B /* Firebase Auth Demo.app */;
			productType = "com.apple.product-type.application";
		};
		75EFFE60277BE6030059A88B /* Firebase Auth Demo (macOS) */ = {
			isa = PBXNativeTarget;
			buildConfigurationList = 75EFFE6F277BE6030059A88B /* Build configuration list for PBXNativeTarget "Firebase Auth Demo (macOS)" */;
			buildPhases = (
				F1D684FC8B50430EA61D9CE7 /* [CP] Check Pods Manifest.lock */,
				75EFFE5D277BE6030059A88B /* Sources */,
				75EFFE5E277BE6030059A88B /* Frameworks */,
				75EFFE5F277BE6030059A88B /* Resources */,
			);
			buildRules = (
			);
			dependencies = (
			);
			name = "Firebase Auth Demo (macOS)";
			productName = "Firebase Auth Demo (macOS)";
			productReference = 75EFFE61277BE6030059A88B /* Firebase Auth Demo.app */;
			productType = "com.apple.product-type.application";
		};
/* End PBXNativeTarget section */

/* Begin PBXProject section */
		75EFFE4F277BE6030059A88B /* Project object */ = {
			isa = PBXProject;
			attributes = {
				BuildIndependentTargetsInParallel = 1;
				LastSwiftUpdateCheck = 1320;
				LastUpgradeCheck = 1320;
				TargetAttributes = {
					75EFFE5A277BE6030059A88B = {
						CreatedOnToolsVersion = 13.2.1;
					};
					75EFFE60277BE6030059A88B = {
						CreatedOnToolsVersion = 13.2.1;
					};
				};
			};
			buildConfigurationList = 75EFFE52277BE6030059A88B /* Build configuration list for PBXProject "Firebase Auth Demo" */;
			compatibilityVersion = "Xcode 13.0";
			developmentRegion = en;
			hasScannedForEncodings = 0;
			knownRegions = (
				en,
				Base,
			);
			mainGroup = 75EFFE4E277BE6030059A88B;
			productRefGroup = 75EFFE5C277BE6030059A88B /* Products */;
			projectDirPath = "";
			projectRoot = "";
			targets = (
				75EFFE5A277BE6030059A88B /* Firebase Auth Demo (iOS) */,
				75EFFE60277BE6030059A88B /* Firebase Auth Demo (macOS) */,
			);
		};
/* End PBXProject section */

/* Begin PBXResourcesBuildPhase section */
		75EFFE59277BE6030059A88B /* Resources */ = {
			isa = PBXResourcesBuildPhase;
			buildActionMask = 2147483647;
			files = (
				75EFFE68277BE6030059A88B /* Assets.xcassets in Resources */,
				75EFFE78277BE7810059A88B /* GoogleService-Info.plist in Resources */,
			);
			runOnlyForDeploymentPostprocessing = 0;
		};
		75EFFE5F277BE6030059A88B /* Resources */ = {
			isa = PBXResourcesBuildPhase;
			buildActionMask = 2147483647;
			files = (
				75EFFE69277BE6030059A88B /* Assets.xcassets in Resources */,
			);
			runOnlyForDeploymentPostprocessing = 0;
		};
/* End PBXResourcesBuildPhase section */

/* Begin PBXShellScriptBuildPhase section */
		B7BA8316FB8BF70B80312E28 /* [CP] Embed Pods Frameworks */ = {
			isa = PBXShellScriptBuildPhase;
			buildActionMask = 2147483647;
			files = (
			);
			inputFileListPaths = (
				"${PODS_ROOT}/Target Support Files/Pods-Firebase Auth Demo (iOS)/Pods-Firebase Auth Demo (iOS)-frameworks-${CONFIGURATION}-input-files.xcfilelist",
			);
			name = "[CP] Embed Pods Frameworks";
			outputFileListPaths = (
				"${PODS_ROOT}/Target Support Files/Pods-Firebase Auth Demo (iOS)/Pods-Firebase Auth Demo (iOS)-frameworks-${CONFIGURATION}-output-files.xcfilelist",
			);
			runOnlyForDeploymentPostprocessing = 0;
			shellPath = /bin/sh;
			shellScript = "\"${PODS_ROOT}/Target Support Files/Pods-Firebase Auth Demo (iOS)/Pods-Firebase Auth Demo (iOS)-frameworks.sh\"\n";
			showEnvVarsInLog = 0;
		};
		D1726E1A8B7AC7F1B9B8B07D /* [CP] Check Pods Manifest.lock */ = {
			isa = PBXShellScriptBuildPhase;
			buildActionMask = 2147483647;
			files = (
			);
			inputFileListPaths = (
			);
			inputPaths = (
				"${PODS_PODFILE_DIR_PATH}/Podfile.lock",
				"${PODS_ROOT}/Manifest.lock",
			);
			name = "[CP] Check Pods Manifest.lock";
			outputFileListPaths = (
			);
			outputPaths = (
				"$(DERIVED_FILE_DIR)/Pods-Firebase Auth Demo (iOS)-checkManifestLockResult.txt",
			);
			runOnlyForDeploymentPostprocessing = 0;
			shellPath = /bin/sh;
			shellScript = "diff \"${PODS_PODFILE_DIR_PATH}/Podfile.lock\" \"${PODS_ROOT}/Manifest.lock\" > /dev/null\nif [ $? != 0 ] ; then\n    # print error to STDERR\n    echo \"error: The sandbox is not in sync with the Podfile.lock. Run 'pod install' or update your CocoaPods installation.\" >&2\n    exit 1\nfi\n# This output is used by Xcode 'outputs' to avoid re-running this script phase.\necho \"SUCCESS\" > \"${SCRIPT_OUTPUT_FILE_0}\"\n";
			showEnvVarsInLog = 0;
		};
		F1D684FC8B50430EA61D9CE7 /* [CP] Check Pods Manifest.lock */ = {
			isa = PBXShellScriptBuildPhase;
			buildActionMask = 2147483647;
			files = (
			);
			inputFileListPaths = (
			);
			inputPaths = (
				"${PODS_PODFILE_DIR_PATH}/Podfile.lock",
				"${PODS_ROOT}/Manifest.lock",
			);
			name = "[CP] Check Pods Manifest.lock";
			outputFileListPaths = (
			);
			outputPaths = (
				"$(DERIVED_FILE_DIR)/Pods-Firebase Auth Demo (macOS)-checkManifestLockResult.txt",
			);
			runOnlyForDeploymentPostprocessing = 0;
			shellPath = /bin/sh;
			shellScript = "diff \"${PODS_PODFILE_DIR_PATH}/Podfile.lock\" \"${PODS_ROOT}/Manifest.lock\" > /dev/null\nif [ $? != 0 ] ; then\n    # print error to STDERR\n    echo \"error: The sandbox is not in sync with the Podfile.lock. Run 'pod install' or update your CocoaPods installation.\" >&2\n    exit 1\nfi\n# This output is used by Xcode 'outputs' to avoid re-running this script phase.\necho \"SUCCESS\" > \"${SCRIPT_OUTPUT_FILE_0}\"\n";
			showEnvVarsInLog = 0;
		};
/* End PBXShellScriptBuildPhase section */

/* Begin PBXSourcesBuildPhase section */
		75EFFE57277BE6030059A88B /* Sources */ = {
			isa = PBXSourcesBuildPhase;
			buildActionMask = 2147483647;
			files = (
				75EFFE66277BE6030059A88B /* ContentView.swift in Sources */,
				75507E472780F59A00B1EC1F /* LaunchView.swift in Sources */,
				75EFFE7D277D119B0059A88B /* LoginForm.swift in Sources */,
				75EFFE64277BE6030059A88B /* Firebase_Auth_DemoApp.swift in Sources */,
			);
			runOnlyForDeploymentPostprocessing = 0;
		};
		75EFFE5D277BE6030059A88B /* Sources */ = {
			isa = PBXSourcesBuildPhase;
			buildActionMask = 2147483647;
			files = (
				75EFFE67277BE6030059A88B /* ContentView.swift in Sources */,
				75EFFE65277BE6030059A88B /* Firebase_Auth_DemoApp.swift in Sources */,
			);
			runOnlyForDeploymentPostprocessing = 0;
		};
/* End PBXSourcesBuildPhase section */

/* Begin XCBuildConfiguration section */
		75EFFE6A277BE6030059A88B /* Debug */ = {
			isa = XCBuildConfiguration;
			buildSettings = {
				ALWAYS_SEARCH_USER_PATHS = NO;
				CLANG_ANALYZER_NONNULL = YES;
				CLANG_ANALYZER_NUMBER_OBJECT_CONVERSION = YES_AGGRESSIVE;
				CLANG_CXX_LANGUAGE_STANDARD = "gnu++17";
				CLANG_CXX_LIBRARY = "libc++";
				CLANG_ENABLE_MODULES = YES;
				CLANG_ENABLE_OBJC_ARC = YES;
				CLANG_ENABLE_OBJC_WEAK = YES;
				CLANG_WARN_BLOCK_CAPTURE_AUTORELEASING = YES;
				CLANG_WARN_BOOL_CONVERSION = YES;
				CLANG_WARN_COMMA = YES;
				CLANG_WARN_CONSTANT_CONVERSION = YES;
				CLANG_WARN_DEPRECATED_OBJC_IMPLEMENTATIONS = YES;
				CLANG_WARN_DIRECT_OBJC_ISA_USAGE = YES_ERROR;
				CLANG_WARN_DOCUMENTATION_COMMENTS = YES;
				CLANG_WARN_EMPTY_BODY = YES;
				CLANG_WARN_ENUM_CONVERSION = YES;
				CLANG_WARN_INFINITE_RECURSION = YES;
				CLANG_WARN_INT_CONVERSION = YES;
				CLANG_WARN_NON_LITERAL_NULL_CONVERSION = YES;
				CLANG_WARN_OBJC_IMPLICIT_RETAIN_SELF = YES;
				CLANG_WARN_OBJC_LITERAL_CONVERSION = YES;
				CLANG_WARN_OBJC_ROOT_CLASS = YES_ERROR;
				CLANG_WARN_QUOTED_INCLUDE_IN_FRAMEWORK_HEADER = YES;
				CLANG_WARN_RANGE_LOOP_ANALYSIS = YES;
				CLANG_WARN_STRICT_PROTOTYPES = YES;
				CLANG_WARN_SUSPICIOUS_MOVE = YES;
				CLANG_WARN_UNGUARDED_AVAILABILITY = YES_AGGRESSIVE;
				CLANG_WARN_UNREACHABLE_CODE = YES;
				CLANG_WARN__DUPLICATE_METHOD_MATCH = YES;
				COPY_PHASE_STRIP = NO;
				DEBUG_INFORMATION_FORMAT = dwarf;
				ENABLE_STRICT_OBJC_MSGSEND = YES;
				ENABLE_TESTABILITY = YES;
				GCC_C_LANGUAGE_STANDARD = gnu11;
				GCC_DYNAMIC_NO_PIC = NO;
				GCC_NO_COMMON_BLOCKS = YES;
				GCC_OPTIMIZATION_LEVEL = 0;
				GCC_PREPROCESSOR_DEFINITIONS = (
					"DEBUG=1",
					"$(inherited)",
				);
				GCC_WARN_64_TO_32_BIT_CONVERSION = YES;
				GCC_WARN_ABOUT_RETURN_TYPE = YES_ERROR;
				GCC_WARN_UNDECLARED_SELECTOR = YES;
				GCC_WARN_UNINITIALIZED_AUTOS = YES_AGGRESSIVE;
				GCC_WARN_UNUSED_FUNCTION = YES;
				GCC_WARN_UNUSED_VARIABLE = YES;
				MTL_ENABLE_DEBUG_INFO = INCLUDE_SOURCE;
				MTL_FAST_MATH = YES;
				ONLY_ACTIVE_ARCH = YES;
				SWIFT_ACTIVE_COMPILATION_CONDITIONS = DEBUG;
				SWIFT_OPTIMIZATION_LEVEL = "-Onone";
			};
			name = Debug;
		};
		75EFFE6B277BE6030059A88B /* Release */ = {
			isa = XCBuildConfiguration;
			buildSettings = {
				ALWAYS_SEARCH_USER_PATHS = NO;
				CLANG_ANALYZER_NONNULL = YES;
				CLANG_ANALYZER_NUMBER_OBJECT_CONVERSION = YES_AGGRESSIVE;
				CLANG_CXX_LANGUAGE_STANDARD = "gnu++17";
				CLANG_CXX_LIBRARY = "libc++";
				CLANG_ENABLE_MODULES = YES;
				CLANG_ENABLE_OBJC_ARC = YES;
				CLANG_ENABLE_OBJC_WEAK = YES;
				CLANG_WARN_BLOCK_CAPTURE_AUTORELEASING = YES;
				CLANG_WARN_BOOL_CONVERSION = YES;
				CLANG_WARN_COMMA = YES;
				CLANG_WARN_CONSTANT_CONVERSION = YES;
				CLANG_WARN_DEPRECATED_OBJC_IMPLEMENTATIONS = YES;
				CLANG_WARN_DIRECT_OBJC_ISA_USAGE = YES_ERROR;
				CLANG_WARN_DOCUMENTATION_COMMENTS = YES;
				CLANG_WARN_EMPTY_BODY = YES;
				CLANG_WARN_ENUM_CONVERSION = YES;
				CLANG_WARN_INFINITE_RECURSION = YES;
				CLANG_WARN_INT_CONVERSION = YES;
				CLANG_WARN_NON_LITERAL_NULL_CONVERSION = YES;
				CLANG_WARN_OBJC_IMPLICIT_RETAIN_SELF = YES;
				CLANG_WARN_OBJC_LITERAL_CONVERSION = YES;
				CLANG_WARN_OBJC_ROOT_CLASS = YES_ERROR;
				CLANG_WARN_QUOTED_INCLUDE_IN_FRAMEWORK_HEADER = YES;
				CLANG_WARN_RANGE_LOOP_ANALYSIS = YES;
				CLANG_WARN_STRICT_PROTOTYPES = YES;
				CLANG_WARN_SUSPICIOUS_MOVE = YES;
				CLANG_WARN_UNGUARDED_AVAILABILITY = YES_AGGRESSIVE;
				CLANG_WARN_UNREACHABLE_CODE = YES;
				CLANG_WARN__DUPLICATE_METHOD_MATCH = YES;
				COPY_PHASE_STRIP = NO;
				DEBUG_INFORMATION_FORMAT = "dwarf-with-dsym";
				ENABLE_NS_ASSERTIONS = NO;
				ENABLE_STRICT_OBJC_MSGSEND = YES;
				GCC_C_LANGUAGE_STANDARD = gnu11;
				GCC_NO_COMMON_BLOCKS = YES;
				GCC_WARN_64_TO_32_BIT_CONVERSION = YES;
				GCC_WARN_ABOUT_RETURN_TYPE = YES_ERROR;
				GCC_WARN_UNDECLARED_SELECTOR = YES;
				GCC_WARN_UNINITIALIZED_AUTOS = YES_AGGRESSIVE;
				GCC_WARN_UNUSED_FUNCTION = YES;
				GCC_WARN_UNUSED_VARIABLE = YES;
				MTL_ENABLE_DEBUG_INFO = NO;
				MTL_FAST_MATH = YES;
				SWIFT_COMPILATION_MODE = wholemodule;
				SWIFT_OPTIMIZATION_LEVEL = "-O";
			};
			name = Release;
		};
		75EFFE6D277BE6030059A88B /* Debug */ = {
			isa = XCBuildConfiguration;
			baseConfigurationReference = 30ED48AA13F6029C4D5F9C17 /* Pods-Firebase Auth Demo (iOS).debug.xcconfig */;
			buildSettings = {
				ASSETCATALOG_COMPILER_APPICON_NAME = AppIcon;
				ASSETCATALOG_COMPILER_GLOBAL_ACCENT_COLOR_NAME = AccentColor;
				CODE_SIGN_STYLE = Automatic;
				CURRENT_PROJECT_VERSION = 1;
				DEVELOPMENT_TEAM = 6DR6N9843T;
				ENABLE_PREVIEWS = YES;
				GENERATE_INFOPLIST_FILE = YES;
				INFOPLIST_KEY_UIApplicationSceneManifest_Generation = YES;
				INFOPLIST_KEY_UIApplicationSupportsIndirectInputEvents = YES;
				INFOPLIST_KEY_UILaunchScreen_Generation = YES;
				INFOPLIST_KEY_UISupportedInterfaceOrientations_iPad = "UIInterfaceOrientationPortrait UIInterfaceOrientationPortraitUpsideDown UIInterfaceOrientationLandscapeLeft UIInterfaceOrientationLandscapeRight";
				INFOPLIST_KEY_UISupportedInterfaceOrientations_iPhone = "UIInterfaceOrientationPortrait UIInterfaceOrientationLandscapeLeft UIInterfaceOrientationLandscapeRight";
				IPHONEOS_DEPLOYMENT_TARGET = 15.2;
				LD_RUNPATH_SEARCH_PATHS = (
					"$(inherited)",
					"@executable_path/Frameworks",
				);
				MARKETING_VERSION = 1.0;
				PRODUCT_BUNDLE_IDENTIFIER = "com.SomethingGoodLLC.Firebase-Auth-Demo";
				PRODUCT_NAME = "Firebase Auth Demo";
				SDKROOT = iphoneos;
				SWIFT_EMIT_LOC_STRINGS = YES;
				SWIFT_VERSION = 5.0;
				TARGETED_DEVICE_FAMILY = "1,2";
			};
			name = Debug;
		};
		75EFFE6E277BE6030059A88B /* Release */ = {
			isa = XCBuildConfiguration;
			baseConfigurationReference = 9C760940E2718F5F795E46B5 /* Pods-Firebase Auth Demo (iOS).release.xcconfig */;
			buildSettings = {
				ASSETCATALOG_COMPILER_APPICON_NAME = AppIcon;
				ASSETCATALOG_COMPILER_GLOBAL_ACCENT_COLOR_NAME = AccentColor;
				CODE_SIGN_STYLE = Automatic;
				CURRENT_PROJECT_VERSION = 1;
				DEVELOPMENT_TEAM = 6DR6N9843T;
				ENABLE_PREVIEWS = YES;
				GENERATE_INFOPLIST_FILE = YES;
				INFOPLIST_KEY_UIApplicationSceneManifest_Generation = YES;
				INFOPLIST_KEY_UIApplicationSupportsIndirectInputEvents = YES;
				INFOPLIST_KEY_UILaunchScreen_Generation = YES;
				INFOPLIST_KEY_UISupportedInterfaceOrientations_iPad = "UIInterfaceOrientationPortrait UIInterfaceOrientationPortraitUpsideDown UIInterfaceOrientationLandscapeLeft UIInterfaceOrientationLandscapeRight";
				INFOPLIST_KEY_UISupportedInterfaceOrientations_iPhone = "UIInterfaceOrientationPortrait UIInterfaceOrientationLandscapeLeft UIInterfaceOrientationLandscapeRight";
				IPHONEOS_DEPLOYMENT_TARGET = 15.2;
				LD_RUNPATH_SEARCH_PATHS = (
					"$(inherited)",
					"@executable_path/Frameworks",
				);
				MARKETING_VERSION = 1.0;
				PRODUCT_BUNDLE_IDENTIFIER = "com.SomethingGoodLLC.Firebase-Auth-Demo";
				PRODUCT_NAME = "Firebase Auth Demo";
				SDKROOT = iphoneos;
				SWIFT_EMIT_LOC_STRINGS = YES;
				SWIFT_VERSION = 5.0;
				TARGETED_DEVICE_FAMILY = "1,2";
				VALIDATE_PRODUCT = YES;
			};
			name = Release;
		};
		75EFFE70277BE6030059A88B /* Debug */ = {
			isa = XCBuildConfiguration;
			baseConfigurationReference = F93223EA3DE5E3C957EE00F9 /* Pods-Firebase Auth Demo (macOS).debug.xcconfig */;
			buildSettings = {
				ASSETCATALOG_COMPILER_APPICON_NAME = AppIcon;
				ASSETCATALOG_COMPILER_GLOBAL_ACCENT_COLOR_NAME = AccentColor;
				CODE_SIGN_ENTITLEMENTS = macOS/macOS.entitlements;
				CODE_SIGN_STYLE = Automatic;
				COMBINE_HIDPI_IMAGES = YES;
				CURRENT_PROJECT_VERSION = 1;
				DEVELOPMENT_TEAM = 6DR6N9843T;
				ENABLE_HARDENED_RUNTIME = YES;
				ENABLE_PREVIEWS = YES;
				GENERATE_INFOPLIST_FILE = YES;
				INFOPLIST_KEY_NSHumanReadableCopyright = "";
				LD_RUNPATH_SEARCH_PATHS = (
					"$(inherited)",
					"@executable_path/../Frameworks",
				);
				MACOSX_DEPLOYMENT_TARGET = 12.1;
				MARKETING_VERSION = 1.0;
				PRODUCT_BUNDLE_IDENTIFIER = "com.SomethingGoodLLC.Firebase-Auth-Demo";
				PRODUCT_NAME = "Firebase Auth Demo";
				SDKROOT = macosx;
				SWIFT_EMIT_LOC_STRINGS = YES;
				SWIFT_VERSION = 5.0;
			};
			name = Debug;
		};
		75EFFE71277BE6030059A88B /* Release */ = {
			isa = XCBuildConfiguration;
			baseConfigurationReference = D85F32F1765D273B67C65CD2 /* Pods-Firebase Auth Demo (macOS).release.xcconfig */;
			buildSettings = {
				ASSETCATALOG_COMPILER_APPICON_NAME = AppIcon;
				ASSETCATALOG_COMPILER_GLOBAL_ACCENT_COLOR_NAME = AccentColor;
				CODE_SIGN_ENTITLEMENTS = macOS/macOS.entitlements;
				CODE_SIGN_STYLE = Automatic;
				COMBINE_HIDPI_IMAGES = YES;
				CURRENT_PROJECT_VERSION = 1;
				DEVELOPMENT_TEAM = 6DR6N9843T;
				ENABLE_HARDENED_RUNTIME = YES;
				ENABLE_PREVIEWS = YES;
				GENERATE_INFOPLIST_FILE = YES;
				INFOPLIST_KEY_NSHumanReadableCopyright = "";
				LD_RUNPATH_SEARCH_PATHS = (
					"$(inherited)",
					"@executable_path/../Frameworks",
				);
				MACOSX_DEPLOYMENT_TARGET = 12.1;
				MARKETING_VERSION = 1.0;
				PRODUCT_BUNDLE_IDENTIFIER = "com.SomethingGoodLLC.Firebase-Auth-Demo";
				PRODUCT_NAME = "Firebase Auth Demo";
				SDKROOT = macosx;
				SWIFT_EMIT_LOC_STRINGS = YES;
				SWIFT_VERSION = 5.0;
			};
			name = Release;
		};
/* End XCBuildConfiguration section */

/* Begin XCConfigurationList section */
		75EFFE52277BE6030059A88B /* Build configuration list for PBXProject "Firebase Auth Demo" */ = {
			isa = XCConfigurationList;
			buildConfigurations = (
				75EFFE6A277BE6030059A88B /* Debug */,
				75EFFE6B277BE6030059A88B /* Release */,
			);
			defaultConfigurationIsVisible = 0;
			defaultConfigurationName = Release;
		};
		75EFFE6C277BE6030059A88B /* Build configuration list for PBXNativeTarget "Firebase Auth Demo (iOS)" */ = {
			isa = XCConfigurationList;
			buildConfigurations = (
				75EFFE6D277BE6030059A88B /* Debug */,
				75EFFE6E277BE6030059A88B /* Release */,
			);
			defaultConfigurationIsVisible = 0;
			defaultConfigurationName = Release;
		};
		75EFFE6F277BE6030059A88B /* Build configuration list for PBXNativeTarget "Firebase Auth Demo (macOS)" */ = {
			isa = XCConfigurationList;
			buildConfigurations = (
				75EFFE70277BE6030059A88B /* Debug */,
				75EFFE71277BE6030059A88B /* Release */,
			);
			defaultConfigurationIsVisible = 0;
			defaultConfigurationName = Release;
		};
/* End XCConfigurationList section */
	};
	rootObject = 75EFFE4F277BE6030059A88B /* Project object */;
}
